
Microsoft Visual Studio Solution File, Format Version 12.00
# Visual Studio 15
VisualStudioVersion = 15.0.28010.2041
MinimumVisualStudioVersion = 10.0.40219.1
Project("{FAE04EC0-301F-11D3-BF4B-00C04F79EFBC}") = "SportsStore.Domain", "SportsStore.Domain\SportsStore.Domain.csproj", "{A7CAE09D-D72A-4932-95F9-3FC3796B4637}"
EndProject
Project("{FAE04EC0-301F-11D3-BF4B-00C04F79EFBC}") = "SportsStore.WebUI", "SportsStore.WebUI\SportsStore.WebUI.csproj", "{EC73942D-D626-481F-BE24-DA90AC1239D3}"
EndProject
Project("{FAE04EC0-301F-11D3-BF4B-00C04F79EFBC}") = "SportsStore.UnitTests", "SportsStore.UnitTests\SportsStore.UnitTests.csproj", "{4D47A8FC-15E7-43D4-901E-40DB4D8CCA72}"
EndProject
Global
	GlobalSection(SolutionConfigurationPlatforms) = preSolution
		Debug|Any CPU = Debug|Any CPU
		Release|Any CPU = Release|Any CPU
	EndGlobalSection
	GlobalSection(ProjectConfigurationPlatforms) = postSolution
		{A7CAE09D-D72A-4932-95F9-3FC3796B4637}.Debug|Any CPU.ActiveCfg = Debug|Any CPU
		{A7CAE09D-D72A-4932-95F9-3FC3796B4637}.Debug|Any CPU.Build.0 = Debug|Any CPU
		{A7CAE09D-D72A-4932-95F9-3FC3796B4637}.Release|Any CPU.ActiveCfg = Release|Any CPU
		{A7CAE09D-D72A-4932-95F9-3FC3796B4637}.Release|Any CPU.Build.0 = Release|Any CPU
		{EC73942D-D626-481F-BE24-DA90AC1239D3}.Debug|Any CPU.ActiveCfg = Debug|Any CPU
		{EC73942D-D626-481F-BE24-DA90AC1239D3}.Debug|Any CPU.Build.0 = Debug|Any CPU
		{EC73942D-D626-481F-BE24-DA90AC1239D3}.Release|Any CPU.ActiveCfg = Release|Any CPU
		{EC73942D-D626-481F-BE24-DA90AC1239D3}.Release|Any CPU.Build.0 = Release|Any CPU
		{4D47A8FC-15E7-43D4-901E-40DB4D8CCA72}.Debug|Any CPU.ActiveCfg = Debug|Any CPU
		{4D47A8FC-15E7-43D4-901E-40DB4D8CCA72}.Debug|Any CPU.Build.0 = Debug|Any CPU
		{4D47A8FC-15E7-43D4-901E-40DB4D8CCA72}.Release|Any CPU.ActiveCfg = Release|Any CPU
		{4D47A8FC-15E7-43D4-901E-40DB4D8CCA72}.Release|Any CPU.Build.0 = Release|Any CPU
	EndGlobalSection
	GlobalSection(SolutionProperties) = preSolution
		HideSolutionNode = FALSE
	EndGlobalSection
	GlobalSection(ExtensibilityGlobals) = postSolution
		SolutionGuid = {12225148-4F15-4140-B998-8AF3257912C2}
	EndGlobalSection
EndGlobal
